
Microsoft Visual Studio Solution File, Format Version 12.00
# Visual Studio Version 17
VisualStudioVersion = 17.8.34525.116
MinimumVisualStudioVersion = 10.0.40219.1
Project("{FAE04EC0-301F-11D3-BF4B-00C04F79EFBC}") = "SC.PTD.Movil.Android", "SC.PTD.Movil\SC.PTD.Movil.Android\SC.PTD.Movil.Android.csproj", "{4328B862-3FCB-447B-8EAE-FCAA8B86BA43}"
EndProject
Project("{FAE04EC0-301F-11D3-BF4B-00C04F79EFBC}") = "SC.PTD.Movil.iOS", "SC.PTD.Movil\SC.PTD.Movil.iOS\SC.PTD.Movil.iOS.csproj", "{31230AB1-1C8C-42A1-918D-61F6BA2F49DE}"
EndProject
Project("{FAE04EC0-301F-11D3-BF4B-00C04F79EFBC}") = "SC.PTD.Movil", "SC.PTD.Movil\SC.PTD.Movil\SC.PTD.Movil.csproj", "{1FF02DD5-C155-443B-837F-4EFFEDEBE61F}"
EndProject
Global
	GlobalSection(SolutionConfigurationPlatforms) = preSolution
		Debug|Any CPU = Debug|Any CPU
		Debug|iPhone = Debug|iPhone
		Debug|iPhoneSimulator = Debug|iPhoneSimulator
		Release|Any CPU = Release|Any CPU
		Release|iPhone = Release|iPhone
		Release|iPhoneSimulator = Release|iPhoneSimulator
	EndGlobalSection
	GlobalSection(ProjectConfigurationPlatforms) = postSolution
		{4328B862-3FCB-447B-8EAE-FCAA8B86BA43}.Debug|Any CPU.ActiveCfg = Debug|Any CPU
		{4328B862-3FCB-447B-8EAE-FCAA8B86BA43}.Debug|Any CPU.Build.0 = Debug|Any CPU
		{4328B862-3FCB-447B-8EAE-FCAA8B86BA43}.Debug|Any CPU.Deploy.0 = Debug|Any CPU
		{4328B862-3FCB-447B-8EAE-FCAA8B86BA43}.Debug|iPhone.ActiveCfg = Debug|Any CPU
		{4328B862-3FCB-447B-8EAE-FCAA8B86BA43}.Debug|iPhone.Build.0 = Debug|Any CPU
		{4328B862-3FCB-447B-8EAE-FCAA8B86BA43}.Debug|iPhone.Deploy.0 = Debug|Any CPU
		{4328B862-3FCB-447B-8EAE-FCAA8B86BA43}.Debug|iPhoneSimulator.ActiveCfg = Debug|Any CPU
		{4328B862-3FCB-447B-8EAE-FCAA8B86BA43}.Debug|iPhoneSimulator.Build.0 = Debug|Any CPU
		{4328B862-3FCB-447B-8EAE-FCAA8B86BA43}.Debug|iPhoneSimulator.Deploy.0 = Debug|Any CPU
		{4328B862-3FCB-447B-8EAE-FCAA8B86BA43}.Release|Any CPU.ActiveCfg = Release|Any CPU
		{4328B862-3FCB-447B-8EAE-FCAA8B86BA43}.Release|Any CPU.Build.0 = Release|Any CPU
		{4328B862-3FCB-447B-8EAE-FCAA8B86BA43}.Release|Any CPU.Deploy.0 = Release|Any CPU
		{4328B862-3FCB-447B-8EAE-FCAA8B86BA43}.Release|iPhone.ActiveCfg = Release|Any CPU
		{4328B862-3FCB-447B-8EAE-FCAA8B86BA43}.Release|iPhone.Build.0 = Release|Any CPU
		{4328B862-3FCB-447B-8EAE-FCAA8B86BA43}.Release|iPhone.Deploy.0 = Release|Any CPU
		{4328B862-3FCB-447B-8EAE-FCAA8B86BA43}.Release|iPhoneSimulator.ActiveCfg = Release|Any CPU
		{4328B862-3FCB-447B-8EAE-FCAA8B86BA43}.Release|iPhoneSimulator.Build.0 = Release|Any CPU
		{4328B862-3FCB-447B-8EAE-FCAA8B86BA43}.Release|iPhoneSimulator.Deploy.0 = Release|Any CPU
		{31230AB1-1C8C-42A1-918D-61F6BA2F49DE}.Debug|Any CPU.ActiveCfg = Debug|iPhone
		{31230AB1-1C8C-42A1-918D-61F6BA2F49DE}.Debug|Any CPU.Build.0 = Debug|iPhone
		{31230AB1-1C8C-42A1-918D-61F6BA2F49DE}.Debug|Any CPU.Deploy.0 = Debug|iPhone
		{31230AB1-1C8C-42A1-918D-61F6BA2F49DE}.Debug|iPhone.ActiveCfg = Debug|iPhone
		{31230AB1-1C8C-42A1-918D-61F6BA2F49DE}.Debug|iPhone.Build.0 = Debug|iPhone
		{31230AB1-1C8C-42A1-918D-61F6BA2F49DE}.Debug|iPhone.Deploy.0 = Debug|iPhone
		{31230AB1-1C8C-42A1-918D-61F6BA2F49DE}.Debug|iPhoneSimulator.ActiveCfg = Debug|iPhoneSimulator
		{31230AB1-1C8C-42A1-918D-61F6BA2F49DE}.Debug|iPhoneSimulator.Build.0 = Debug|iPhoneSimulator
		{31230AB1-1C8C-42A1-918D-61F6BA2F49DE}.Debug|iPhoneSimulator.Deploy.0 = Debug|iPhoneSimulator
		{31230AB1-1C8C-42A1-918D-61F6BA2F49DE}.Release|Any CPU.ActiveCfg = Release|iPhoneSimulator
		{31230AB1-1C8C-42A1-918D-61F6BA2F49DE}.Release|Any CPU.Build.0 = Release|iPhoneSimulator
		{31230AB1-1C8C-42A1-918D-61F6BA2F49DE}.Release|Any CPU.Deploy.0 = Release|iPhoneSimulator
		{31230AB1-1C8C-42A1-918D-61F6BA2F49DE}.Release|iPhone.ActiveCfg = Release|iPhone
		{31230AB1-1C8C-42A1-918D-61F6BA2F49DE}.Release|iPhone.Build.0 = Release|iPhone
		{31230AB1-1C8C-42A1-918D-61F6BA2F49DE}.Release|iPhone.Deploy.0 = Release|iPhone
		{31230AB1-1C8C-42A1-918D-61F6BA2F49DE}.Release|iPhoneSimulator.ActiveCfg = Release|iPhoneSimulator
		{31230AB1-1C8C-42A1-918D-61F6BA2F49DE}.Release|iPhoneSimulator.Build.0 = Release|iPhoneSimulator
		{31230AB1-1C8C-42A1-918D-61F6BA2F49DE}.Release|iPhoneSimulator.Deploy.0 = Release|iPhoneSimulator
		{1FF02DD5-C155-443B-837F-4EFFEDEBE61F}.Debug|Any CPU.ActiveCfg = Debug|Any CPU
		{1FF02DD5-C155-443B-837F-4EFFEDEBE61F}.Debug|Any CPU.Build.0 = Debug|Any CPU
		{1FF02DD5-C155-443B-837F-4EFFEDEBE61F}.Debug|Any CPU.Deploy.0 = Debug|Any CPU
		{1FF02DD5-C155-443B-837F-4EFFEDEBE61F}.Debug|iPhone.ActiveCfg = Debug|Any CPU
		{1FF02DD5-C155-443B-837F-4EFFEDEBE61F}.Debug|iPhone.Build.0 = Debug|Any CPU
		{1FF02DD5-C155-443B-837F-4EFFEDEBE61F}.Debug|iPhone.Deploy.0 = Debug|Any CPU
		{1FF02DD5-C155-443B-837F-4EFFEDEBE61F}.Debug|iPhoneSimulator.ActiveCfg = Debug|Any CPU
		{1FF02DD5-C155-443B-837F-4EFFEDEBE61F}.Debug|iPhoneSimulator.Build.0 = Debug|Any CPU
		{1FF02DD5-C155-443B-837F-4EFFEDEBE61F}.Debug|iPhoneSimulator.Deploy.0 = Debug|Any CPU
		{1FF02DD5-C155-443B-837F-4EFFEDEBE61F}.Release|Any CPU.ActiveCfg = Release|Any CPU
		{1FF02DD5-C155-443B-837F-4EFFEDEBE61F}.Release|Any CPU.Build.0 = Release|Any CPU
		{1FF02DD5-C155-443B-837F-4EFFEDEBE61F}.Release|Any CPU.Deploy.0 = Release|Any CPU
		{1FF02DD5-C155-443B-837F-4EFFEDEBE61F}.Release|iPhone.ActiveCfg = Release|Any CPU
		{1FF02DD5-C155-443B-837F-4EFFEDEBE61F}.Release|iPhone.Build.0 = Release|Any CPU
		{1FF02DD5-C155-443B-837F-4EFFEDEBE61F}.Release|iPhone.Deploy.0 = Release|Any CPU
		{1FF02DD5-C155-443B-837F-4EFFEDEBE61F}.Release|iPhoneSimulator.ActiveCfg = Release|Any CPU
		{1FF02DD5-C155-443B-837F-4EFFEDEBE61F}.Release|iPhoneSimulator.Build.0 = Release|Any CPU
		{1FF02DD5-C155-443B-837F-4EFFEDEBE61F}.Release|iPhoneSimulator.Deploy.0 = Release|Any CPU
	EndGlobalSection
	GlobalSection(SolutionProperties) = preSolution
		HideSolutionNode = FALSE
	EndGlobalSection
	GlobalSection(ExtensibilityGlobals) = postSolution
		SolutionGuid = {10E325C7-D783-4ECA-BEE9-538067D3312A}
	EndGlobalSection
EndGlobal
